
Microsoft Visual Studio Solution File, Format Version 12.00
# Visual Studio 15
VisualStudioVersion = 15.0.27130.2027
MinimumVisualStudioVersion = 10.0.40219.1
Project("{FAE04EC0-301F-11D3-BF4B-00C04F79EFBC}") = "Xamarin.Aspects.Contracts.Android", "Xamarin.Aspects.Contracts\Xamarin.Aspects.Contracts.Android\Xamarin.Aspects.Contracts.Android.csproj", "{A61FD50F-DB10-4941-8984-BCBDF73EDD3D}"
EndProject
Project("{9A19103F-16F7-4668-BE54-9A1E7A4F7556}") = "Xamarin.Aspects.Contracts", "Xamarin.Aspects.Contracts\Xamarin.Aspects.Contracts\Xamarin.Aspects.Contracts.csproj", "{97CC0E26-5792-4F7F-8A19-0797776AE863}"
EndProject
Project("{2150E333-8FDC-42A3-9474-1A3956D46DE8}") = "Commands", "Commands", "{4BF4988C-0B4A-4A3A-9466-EF4673860715}"
EndProject
Project("{9A19103F-16F7-4668-BE54-9A1E7A4F7556}") = "Xamarin.Aspects.Contracts.Commands.Network", "Xamarin.Aspects.Contracts.Commands.Network\Xamarin.Aspects.Contracts.Commands.Network.csproj", "{F12F143D-2E37-47A2-BB0E-85314E03F974}"
EndProject
Project("{FAE04EC0-301F-11D3-BF4B-00C04F79EFBC}") = "Xamarin.Aspects.Contracts.Framework", "Xamarin.Aspects.Contracts.Framework\Xamarin.Aspects.Contracts.Framework.csproj", "{F5344992-3CA1-4300-B95D-ED6FEAB09586}"
EndProject
Global
	GlobalSection(SolutionConfigurationPlatforms) = preSolution
		Debug|Any CPU = Debug|Any CPU
		Release|Any CPU = Release|Any CPU
	EndGlobalSection
	GlobalSection(ProjectConfigurationPlatforms) = postSolution
		{A61FD50F-DB10-4941-8984-BCBDF73EDD3D}.Debug|Any CPU.ActiveCfg = Debug|Any CPU
		{A61FD50F-DB10-4941-8984-BCBDF73EDD3D}.Debug|Any CPU.Build.0 = Debug|Any CPU
		{A61FD50F-DB10-4941-8984-BCBDF73EDD3D}.Debug|Any CPU.Deploy.0 = Debug|Any CPU
		{A61FD50F-DB10-4941-8984-BCBDF73EDD3D}.Release|Any CPU.ActiveCfg = Release|Any CPU
		{A61FD50F-DB10-4941-8984-BCBDF73EDD3D}.Release|Any CPU.Build.0 = Release|Any CPU
		{A61FD50F-DB10-4941-8984-BCBDF73EDD3D}.Release|Any CPU.Deploy.0 = Release|Any CPU
		{97CC0E26-5792-4F7F-8A19-0797776AE863}.Debug|Any CPU.ActiveCfg = Debug|Any CPU
		{97CC0E26-5792-4F7F-8A19-0797776AE863}.Debug|Any CPU.Build.0 = Debug|Any CPU
		{97CC0E26-5792-4F7F-8A19-0797776AE863}.Release|Any CPU.ActiveCfg = Release|Any CPU
		{97CC0E26-5792-4F7F-8A19-0797776AE863}.Release|Any CPU.Build.0 = Release|Any CPU
		{F12F143D-2E37-47A2-BB0E-85314E03F974}.Debug|Any CPU.ActiveCfg = Debug|Any CPU
		{F12F143D-2E37-47A2-BB0E-85314E03F974}.Debug|Any CPU.Build.0 = Debug|Any CPU
		{F12F143D-2E37-47A2-BB0E-85314E03F974}.Release|Any CPU.ActiveCfg = Release|Any CPU
		{F12F143D-2E37-47A2-BB0E-85314E03F974}.Release|Any CPU.Build.0 = Release|Any CPU
		{F5344992-3CA1-4300-B95D-ED6FEAB09586}.Debug|Any CPU.ActiveCfg = Debug|Any CPU
		{F5344992-3CA1-4300-B95D-ED6FEAB09586}.Debug|Any CPU.Build.0 = Debug|Any CPU
		{F5344992-3CA1-4300-B95D-ED6FEAB09586}.Release|Any CPU.ActiveCfg = Release|Any CPU
		{F5344992-3CA1-4300-B95D-ED6FEAB09586}.Release|Any CPU.Build.0 = Release|Any CPU
	EndGlobalSection
	GlobalSection(SolutionProperties) = preSolution
		HideSolutionNode = FALSE
	EndGlobalSection
	GlobalSection(NestedProjects) = preSolution
		{F12F143D-2E37-47A2-BB0E-85314E03F974} = {4BF4988C-0B4A-4A3A-9466-EF4673860715}
	EndGlobalSection
	GlobalSection(ExtensibilityGlobals) = postSolution
		SolutionGuid = {D7D61218-F314-41B2-AD48-9981F7A2551D}
	EndGlobalSection
EndGlobal
